// !$*UTF8*$!
{
	archiveVersion = 1;
	classes = {
	};
	objectVersion = 48;
	objects = {

/* Begin PBXBuildFile section */
		7B65E4BA207C1DD7006FB8CA /* MapViewController.swift in Sources */ = {isa = PBXBuildFile; fileRef = 7B65E4B9207C1DD7006FB8CA /* MapViewController.swift */; };
		7B65E4BC207C3BEF006FB8CA /* WebViewController.swift in Sources */ = {isa = PBXBuildFile; fileRef = 7B65E4BB207C3BEF006FB8CA /* WebViewController.swift */; };
		7B700DB8204F547000B859E8 /* AppDelegate.swift in Sources */ = {isa = PBXBuildFile; fileRef = 7B700DB7204F547000B859E8 /* AppDelegate.swift */; };
		7B700DBD204F547000B859E8 /* Main.storyboard in Resources */ = {isa = PBXBuildFile; fileRef = 7B700DBB204F547000B859E8 /* Main.storyboard */; };
		7B700DBF204F547000B859E8 /* Assets.xcassets in Resources */ = {isa = PBXBuildFile; fileRef = 7B700DBE204F547000B859E8 /* Assets.xcassets */; };
		7B700DC2204F547000B859E8 /* LaunchScreen.storyboard in Resources */ = {isa = PBXBuildFile; fileRef = 7B700DC0204F547000B859E8 /* LaunchScreen.storyboard */; };
		7B700DCD204F547000B859E8 /* WorldTrotterTests.swift in Sources */ = {isa = PBXBuildFile; fileRef = 7B700DCC204F547000B859E8 /* WorldTrotterTests.swift */; };
		7B700DD8204F547000B859E8 /* WorldTrotterUITests.swift in Sources */ = {isa = PBXBuildFile; fileRef = 7B700DD7204F547000B859E8 /* WorldTrotterUITests.swift */; };
		7B700DE6204F7EE300B859E8 /* ConversionViewController.swift in Sources */ = {isa = PBXBuildFile; fileRef = 7B700DE5204F7EE300B859E8 /* ConversionViewController.swift */; };
/* End PBXBuildFile section */

/* Begin PBXContainerItemProxy section */
		7B700DC9204F547000B859E8 /* PBXContainerItemProxy */ = {
			isa = PBXContainerItemProxy;
			containerPortal = 7B700DAC204F546F00B859E8 /* Project object */;
			proxyType = 1;
			remoteGlobalIDString = 7B700DB3204F547000B859E8;
			remoteInfo = WorldTrotter;
		};
		7B700DD4204F547000B859E8 /* PBXContainerItemProxy */ = {
			isa = PBXContainerItemProxy;
			containerPortal = 7B700DAC204F546F00B859E8 /* Project object */;
			proxyType = 1;
			remoteGlobalIDString = 7B700DB3204F547000B859E8;
			remoteInfo = WorldTrotter;
		};
/* End PBXContainerItemProxy section */

/* Begin PBXFileReference section */
		7B65E4B9207C1DD7006FB8CA /* MapViewController.swift */ = {isa = PBXFileReference; lastKnownFileType = sourcecode.swift; path = MapViewController.swift; sourceTree = "<group>"; };
		7B65E4BB207C3BEF006FB8CA /* WebViewController.swift */ = {isa = PBXFileReference; lastKnownFileType = sourcecode.swift; path = WebViewController.swift; sourceTree = "<group>"; };
		7B700DB4204F547000B859E8 /* WorldTrotter.app */ = {isa = PBXFileReference; explicitFileType = wrapper.application; includeInIndex = 0; path = WorldTrotter.app; sourceTree = BUILT_PRODUCTS_DIR; };
		7B700DB7204F547000B859E8 /* AppDelegate.swift */ = {isa = PBXFileReference; lastKnownFileType = sourcecode.swift; path = AppDelegate.swift; sourceTree = "<group>"; };
		7B700DBC204F547000B859E8 /* Base */ = {isa = PBXFileReference; lastKnownFileType = file.storyboard; name = Base; path = Base.lproj/Main.storyboard; sourceTree = "<group>"; };
		7B700DBE204F547000B859E8 /* Assets.xcassets */ = {isa = PBXFileReference; lastKnownFileType = folder.assetcatalog; path = Assets.xcassets; sourceTree = "<group>"; };
		7B700DC1204F547000B859E8 /* Base */ = {isa = PBXFileReference; lastKnownFileType = file.storyboard; name = Base; path = Base.lproj/LaunchScreen.storyboard; sourceTree = "<group>"; };
		7B700DC3204F547000B859E8 /* Info.plist */ = {isa = PBXFileReference; lastKnownFileType = text.plist.xml; path = Info.plist; sourceTree = "<group>"; };
		7B700DC8204F547000B859E8 /* WorldTrotterTests.xctest */ = {isa = PBXFileReference; explicitFileType = wrapper.cfbundle; includeInIndex = 0; path = WorldTrotterTests.xctest; sourceTree = BUILT_PRODUCTS_DIR; };
		7B700DCC204F547000B859E8 /* WorldTrotterTests.swift */ = {isa = PBXFileReference; lastKnownFileType = sourcecode.swift; path = WorldTrotterTests.swift; sourceTree = "<group>"; };
		7B700DCE204F547000B859E8 /* Info.plist */ = {isa = PBXFileReference; lastKnownFileType = text.plist.xml; path = Info.plist; sourceTree = "<group>"; };
		7B700DD3204F547000B859E8 /* WorldTrotterUITests.xctest */ = {isa = PBXFileReference; explicitFileType = wrapper.cfbundle; includeInIndex = 0; path = WorldTrotterUITests.xctest; sourceTree = BUILT_PRODUCTS_DIR; };
		7B700DD7204F547000B859E8 /* WorldTrotterUITests.swift */ = {isa = PBXFileReference; lastKnownFileType = sourcecode.swift; path = WorldTrotterUITests.swift; sourceTree = "<group>"; };
		7B700DD9204F547000B859E8 /* Info.plist */ = {isa = PBXFileReference; lastKnownFileType = text.plist.xml; path = Info.plist; sourceTree = "<group>"; };
		7B700DE5204F7EE300B859E8 /* ConversionViewController.swift */ = {isa = PBXFileReference; lastKnownFileType = sourcecode.swift; path = ConversionViewController.swift; sourceTree = "<group>"; };
/* End PBXFileReference section */

/* Begin PBXFrameworksBuildPhase section */
		7B700DB1204F547000B859E8 /* Frameworks */ = {
			isa = PBXFrameworksBuildPhase;
			buildActionMask = 2147483647;
			files = (
			);
			runOnlyForDeploymentPostprocessing = 0;
		};
		7B700DC5204F547000B859E8 /* Frameworks */ = {
			isa = PBXFrameworksBuildPhase;
			buildActionMask = 2147483647;
			files = (
			);
			runOnlyForDeploymentPostprocessing = 0;
		};
		7B700DD0204F547000B859E8 /* Frameworks */ = {
			isa = PBXFrameworksBuildPhase;
			buildActionMask = 2147483647;
			files = (
			);
			runOnlyForDeploymentPostprocessing = 0;
		};
/* End PBXFrameworksBuildPhase section */

/* Begin PBXGroup section */
		7B700DAB204F546F00B859E8 = {
			isa = PBXGroup;
			children = (
				7B700DB6204F547000B859E8 /* WorldTrotter */,
				7B700DCB204F547000B859E8 /* WorldTrotterTests */,
				7B700DD6204F547000B859E8 /* WorldTrotterUITests */,
				7B700DB5204F547000B859E8 /* Products */,
			);
			sourceTree = "<group>";
		};
		7B700DB5204F547000B859E8 /* Products */ = {
			isa = PBXGroup;
			children = (
				7B700DB4204F547000B859E8 /* WorldTrotter.app */,
				7B700DC8204F547000B859E8 /* WorldTrotterTests.xctest */,
				7B700DD3204F547000B859E8 /* WorldTrotterUITests.xctest */,
			);
			name = Products;
			sourceTree = "<group>";
		};
		7B700DB6204F547000B859E8 /* WorldTrotter */ = {
			isa = PBXGroup;
			children = (
				7B700DE5204F7EE300B859E8 /* ConversionViewController.swift */,
				7B700DB7204F547000B859E8 /* AppDelegate.swift */,
				7B700DBB204F547000B859E8 /* Main.storyboard */,
				7B65E4BB207C3BEF006FB8CA /* WebViewController.swift */,
				7B65E4B9207C1DD7006FB8CA /* MapViewController.swift */,
				7B700DBE204F547000B859E8 /* Assets.xcassets */,
				7B700DC0204F547000B859E8 /* LaunchScreen.storyboard */,
				7B700DC3204F547000B859E8 /* Info.plist */,
			);
			path = WorldTrotter;
			sourceTree = "<group>";
		};
		7B700DCB204F547000B859E8 /* WorldTrotterTests */ = {
			isa = PBXGroup;
			children = (
				7B700DCC204F547000B859E8 /* WorldTrotterTests.swift */,
				7B700DCE204F547000B859E8 /* Info.plist */,
			);
			path = WorldTrotterTests;
			sourceTree = "<group>";
		};
		7B700DD6204F547000B859E8 /* WorldTrotterUITests */ = {
			isa = PBXGroup;
			children = (
				7B700DD7204F547000B859E8 /* WorldTrotterUITests.swift */,
				7B700DD9204F547000B859E8 /* Info.plist */,
			);
			path = WorldTrotterUITests;
			sourceTree = "<group>";
		};
/* End PBXGroup section */

/* Begin PBXNativeTarget section */
		7B700DB3204F547000B859E8 /* WorldTrotter */ = {
			isa = PBXNativeTarget;
			buildConfigurationList = 7B700DDC204F547000B859E8 /* Build configuration list for PBXNativeTarget "WorldTrotter" */;
			buildPhases = (
				7B700DB0204F547000B859E8 /* Sources */,
				7B700DB1204F547000B859E8 /* Frameworks */,
				7B700DB2204F547000B859E8 /* Resources */,
			);
			buildRules = (
			);
			dependencies = (
			);
			name = WorldTrotter;
			productName = WorldTrotter;
			productReference = 7B700DB4204F547000B859E8 /* WorldTrotter.app */;
			productType = "com.apple.product-type.application";
		};
		7B700DC7204F547000B859E8 /* WorldTrotterTests */ = {
			isa = PBXNativeTarget;
			buildConfigurationList = 7B700DDF204F547000B859E8 /* Build configuration list for PBXNativeTarget "WorldTrotterTests" */;
			buildPhases = (
				7B700DC4204F547000B859E8 /* Sources */,
				7B700DC5204F547000B859E8 /* Frameworks */,
				7B700DC6204F547000B859E8 /* Resources */,
			);
			buildRules = (
			);
			dependencies = (
				7B700DCA204F547000B859E8 /* PBXTargetDependency */,
			);
			name = WorldTrotterTests;
			productName = WorldTrotterTests;
			productReference = 7B700DC8204F547000B859E8 /* WorldTrotterTests.xctest */;
			productType = "com.apple.product-type.bundle.unit-test";
		};
		7B700DD2204F547000B859E8 /* WorldTrotterUITests */ = {
			isa = PBXNativeTarget;
			buildConfigurationList = 7B700DE2204F547000B859E8 /* Build configuration list for PBXNativeTarget "WorldTrotterUITests" */;
			buildPhases = (
				7B700DCF204F547000B859E8 /* Sources */,
				7B700DD0204F547000B859E8 /* Frameworks */,
				7B700DD1204F547000B859E8 /* Resources */,
			);
			buildRules = (
			);
			dependencies = (
				7B700DD5204F547000B859E8 /* PBXTargetDependency */,
			);
			name = WorldTrotterUITests;
			productName = WorldTrotterUITests;
			productReference = 7B700DD3204F547000B859E8 /* WorldTrotterUITests.xctest */;
			productType = "com.apple.product-type.bundle.ui-testing";
		};
/* End PBXNativeTarget section */

/* Begin PBXProject section */
		7B700DAC204F546F00B859E8 /* Project object */ = {
			isa = PBXProject;
			attributes = {
				LastSwiftUpdateCheck = 0920;
				LastUpgradeCheck = 0920;
				ORGANIZATIONNAME = "Abtin Gramian";
				TargetAttributes = {
					7B700DB3204F547000B859E8 = {
						CreatedOnToolsVersion = 9.2;
						ProvisioningStyle = Automatic;
					};
					7B700DC7204F547000B859E8 = {
						CreatedOnToolsVersion = 9.2;
						ProvisioningStyle = Automatic;
						TestTargetID = 7B700DB3204F547000B859E8;
					};
					7B700DD2204F547000B859E8 = {
						CreatedOnToolsVersion = 9.2;
						ProvisioningStyle = Automatic;
						TestTargetID = 7B700DB3204F547000B859E8;
					};
				};
			};
			buildConfigurationList = 7B700DAF204F546F00B859E8 /* Build configuration list for PBXProject "WorldTrotter" */;
			compatibilityVersion = "Xcode 8.0";
			developmentRegion = en;
			hasScannedForEncodings = 0;
			knownRegions = (
				en,
				Base,
			);
			mainGroup = 7B700DAB204F546F00B859E8;
			productRefGroup = 7B700DB5204F547000B859E8 /* Products */;
			projectDirPath = "";
			projectRoot = "";
			targets = (
				7B700DB3204F547000B859E8 /* WorldTrotter */,
				7B700DC7204F547000B859E8 /* WorldTrotterTests */,
				7B700DD2204F547000B859E8 /* WorldTrotterUITests */,
			);
		};
/* End PBXProject section */

/* Begin PBXResourcesBuildPhase section */
		7B700DB2204F547000B859E8 /* Resources */ = {
			isa = PBXResourcesBuildPhase;
			buildActionMask = 2147483647;
			files = (
				7B700DC2204F547000B859E8 /* LaunchScreen.storyboard in Resources */,
				7B700DBF204F547000B859E8 /* Assets.xcassets in Resources */,
				7B700DBD204F547000B859E8 /* Main.storyboard in Resources */,
			);
			runOnlyForDeploymentPostprocessing = 0;
		};
		7B700DC6204F547000B859E8 /* Resources */ = {
			isa = PBXResourcesBuildPhase;
			buildActionMask = 2147483647;
			files = (
			);
			runOnlyForDeploymentPostprocessing = 0;
		};
		7B700DD1204F547000B859E8 /* Resources */ = {
			isa = PBXResourcesBuildPhase;
			buildActionMask = 2147483647;
			files = (
			);
			runOnlyForDeploymentPostprocessing = 0;
		};
/* End PBXResourcesBuildPhase section */

/* Begin PBXSourcesBuildPhase section */
		7B700DB0204F547000B859E8 /* Sources */ = {
			isa = PBXSourcesBuildPhase;
			buildActionMask = 2147483647;
			files = (
				7B700DE6204F7EE300B859E8 /* ConversionViewController.swift in Sources */,
				7B65E4BA207C1DD7006FB8CA /* MapViewController.swift in Sources */,
				7B700DB8204F547000B859E8 /* AppDelegate.swift in Sources */,
				7B65E4BC207C3BEF006FB8CA /* WebViewController.swift in Sources */,
			);
			runOnlyForDeploymentPostprocessing = 0;
		};
		7B700DC4204F547000B859E8 /* Sources */ = {
			isa = PBXSourcesBuildPhase;
			buildActionMask = 2147483647;
			files = (
				7B700DCD204F547000B859E8 /* WorldTrotterTests.swift in Sources */,
			);
			runOnlyForDeploymentPostprocessing = 0;
		};
		7B700DCF204F547000B859E8 /* Sources */ = {
			isa = PBXSourcesBuildPhase;
			buildActionMask = 2147483647;
			files = (
				7B700DD8204F547000B859E8 /* WorldTrotterUITests.swift in Sources */,
			);
			runOnlyForDeploymentPostprocessing = 0;
		};
/* End PBXSourcesBuildPhase section */

/* Begin PBXTargetDependency section */
		7B700DCA204F547000B859E8 /* PBXTargetDependency */ = {
			isa = PBXTargetDependency;
			target = 7B700DB3204F547000B859E8 /* WorldTrotter */;
			targetProxy = 7B700DC9204F547000B859E8 /* PBXContainerItemProxy */;
		};
		7B700DD5204F547000B859E8 /* PBXTargetDependency */ = {
			isa = PBXTargetDependency;
			target = 7B700DB3204F547000B859E8 /* WorldTrotter */;
			targetProxy = 7B700DD4204F547000B859E8 /* PBXContainerItemProxy */;
		};
/* End PBXTargetDependency section */

/* Begin PBXVariantGroup section */
		7B700DBB204F547000B859E8 /* Main.storyboard */ = {
			isa = PBXVariantGroup;
			children = (
				7B700DBC204F547000B859E8 /* Base */,
			);
			name = Main.storyboard;
			sourceTree = "<group>";
		};
		7B700DC0204F547000B859E8 /* LaunchScreen.storyboard */ = {
			isa = PBXVariantGroup;
			children = (
				7B700DC1204F547000B859E8 /* Base */,
			);
			name = LaunchScreen.storyboard;
			sourceTree = "<group>";
		};
/* End PBXVariantGroup section */

/* Begin XCBuildConfiguration section */
		7B700DDA204F547000B859E8 /* Debug */ = {
			isa = XCBuildConfiguration;
			buildSettings = {
				ALWAYS_SEARCH_USER_PATHS = NO;
				CLANG_ANALYZER_NONNULL = YES;
				CLANG_ANALYZER_NUMBER_OBJECT_CONVERSION = YES_AGGRESSIVE;
				CLANG_CXX_LANGUAGE_STANDARD = "gnu++14";
				CLANG_CXX_LIBRARY = "libc++";
				CLANG_ENABLE_MODULES = YES;
				CLANG_ENABLE_OBJC_ARC = YES;
				CLANG_WARN_BLOCK_CAPTURE_AUTORELEASING = YES;
				CLANG_WARN_BOOL_CONVERSION = YES;
				CLANG_WARN_COMMA = YES;
				CLANG_WARN_CONSTANT_CONVERSION = YES;
				CLANG_WARN_DIRECT_OBJC_ISA_USAGE = YES_ERROR;
				CLANG_WARN_DOCUMENTATION_COMMENTS = YES;
				CLANG_WARN_EMPTY_BODY = YES;
				CLANG_WARN_ENUM_CONVERSION = YES;
				CLANG_WARN_INFINITE_RECURSION = YES;
				CLANG_WARN_INT_CONVERSION = YES;
				CLANG_WARN_NON_LITERAL_NULL_CONVERSION = YES;
				CLANG_WARN_OBJC_LITERAL_CONVERSION = YES;
				CLANG_WARN_OBJC_ROOT_CLASS = YES_ERROR;
				CLANG_WARN_RANGE_LOOP_ANALYSIS = YES;
				CLANG_WARN_STRICT_PROTOTYPES = YES;
				CLANG_WARN_SUSPICIOUS_MOVE = YES;
				CLANG_WARN_UNGUARDED_AVAILABILITY = YES_AGGRESSIVE;
				CLANG_WARN_UNREACHABLE_CODE = YES;
				CLANG_WARN__DUPLICATE_METHOD_MATCH = YES;
				CODE_SIGN_IDENTITY = "iPhone Developer";
				COPY_PHASE_STRIP = NO;
				DEBUG_INFORMATION_FORMAT = dwarf;
				ENABLE_STRICT_OBJC_MSGSEND = YES;
				ENABLE_TESTABILITY = YES;
				GCC_C_LANGUAGE_STANDARD = gnu11;
				GCC_DYNAMIC_NO_PIC = NO;
				GCC_NO_COMMON_BLOCKS = YES;
				GCC_OPTIMIZATION_LEVEL = 0;
				GCC_PREPROCESSOR_DEFINITIONS = (
					"DEBUG=1",
					"$(inherited)",
				);
				GCC_WARN_64_TO_32_BIT_CONVERSION = YES;
				GCC_WARN_ABOUT_RETURN_TYPE = YES_ERROR;
				GCC_WARN_UNDECLARED_SELECTOR = YES;
				GCC_WARN_UNINITIALIZED_AUTOS = YES_AGGRESSIVE;
				GCC_WARN_UNUSED_FUNCTION = YES;
				GCC_WARN_UNUSED_VARIABLE = YES;
				IPHONEOS_DEPLOYMENT_TARGET = 11.2;
				MTL_ENABLE_DEBUG_INFO = YES;
				ONLY_ACTIVE_ARCH = YES;
				SDKROOT = iphoneos;
				SWIFT_ACTIVE_COMPILATION_CONDITIONS = DEBUG;
				SWIFT_OPTIMIZATION_LEVEL = "-Onone";
			};
			name = Debug;
		};
		7B700DDB204F547000B859E8 /* Release */ = {
			isa = XCBuildConfiguration;
			buildSettings = {
				ALWAYS_SEARCH_USER_PATHS = NO;
				CLANG_ANALYZER_NONNULL = YES;
				CLANG_ANALYZER_NUMBER_OBJECT_CONVERSION = YES_AGGRESSIVE;
				CLANG_CXX_LANGUAGE_STANDARD = "gnu++14";
				CLANG_CXX_LIBRARY = "libc++";
				CLANG_ENABLE_MODULES = YES;
				CLANG_ENABLE_OBJC_ARC = YES;
				CLANG_WARN_BLOCK_CAPTURE_AUTORELEASING = YES;
				CLANG_WARN_BOOL_CONVERSION = YES;
				CLANG_WARN_COMMA = YES;
				CLANG_WARN_CONSTANT_CONVERSION = YES;
				CLANG_WARN_DIRECT_OBJC_ISA_USAGE = YES_ERROR;
				CLANG_WARN_DOCUMENTATION_COMMENTS = YES;
				CLANG_WARN_EMPTY_BODY = YES;
				CLANG_WARN_ENUM_CONVERSION = YES;
				CLANG_WARN_INFINITE_RECURSION = YES;
				CLANG_WARN_INT_CONVERSION = YES;
				CLANG_WARN_NON_LITERAL_NULL_CONVERSION = YES;
				CLANG_WARN_OBJC_LITERAL_CONVERSION = YES;
				CLANG_WARN_OBJC_ROOT_CLASS = YES_ERROR;
				CLANG_WARN_RANGE_LOOP_ANALYSIS = YES;
				CLANG_WARN_STRICT_PROTOTYPES = YES;
				CLANG_WARN_SUSPICIOUS_MOVE = YES;
				CLANG_WARN_UNGUARDED_AVAILABILITY = YES_AGGRESSIVE;
				CLANG_WARN_UNREACHABLE_CODE = YES;
				CLANG_WARN__DUPLICATE_METHOD_MATCH = YES;
				CODE_SIGN_IDENTITY = "iPhone Developer";
				COPY_PHASE_STRIP = NO;
				DEBUG_INFORMATION_FORMAT = "dwarf-with-dsym";
				ENABLE_NS_ASSERTIONS = NO;
				ENABLE_STRICT_OBJC_MSGSEND = YES;
				GCC_C_LANGUAGE_STANDARD = gnu11;
				GCC_NO_COMMON_BLOCKS = YES;
				GCC_WARN_64_TO_32_BIT_CONVERSION = YES;
				GCC_WARN_ABOUT_RETURN_TYPE = YES_ERROR;
				GCC_WARN_UNDECLARED_SELECTOR = YES;
				GCC_WARN_UNINITIALIZED_AUTOS = YES_AGGRESSIVE;
				GCC_WARN_UNUSED_FUNCTION = YES;
				GCC_WARN_UNUSED_VARIABLE = YES;
				IPHONEOS_DEPLOYMENT_TARGET = 11.2;
				MTL_ENABLE_DEBUG_INFO = NO;
				SDKROOT = iphoneos;
				SWIFT_OPTIMIZATION_LEVEL = "-Owholemodule";
				VALIDATE_PRODUCT = YES;
			};
			name = Release;
		};
		7B700DDD204F547000B859E8 /* Debug */ = {
			isa = XCBuildConfiguration;
			buildSettings = {
				ASSETCATALOG_COMPILER_APPICON_NAME = AppIcon;
				CODE_SIGN_STYLE = Automatic;
				INFOPLIST_FILE = WorldTrotter/Info.plist;
				LD_RUNPATH_SEARCH_PATHS = "$(inherited) @executable_path/Frameworks";
				PRODUCT_BUNDLE_IDENTIFIER = com.abtingramian.WorldTrotter;
				PRODUCT_NAME = "$(TARGET_NAME)";
				SWIFT_VERSION = 4.0;
				TARGETED_DEVICE_FAMILY = "1,2";
			};
			name = Debug;
		};
		7B700DDE204F547000B859E8 /* Release */ = {
			isa = XCBuildConfiguration;
			buildSettings = {
				ASSETCATALOG_COMPILER_APPICON_NAME = AppIcon;
				CODE_SIGN_STYLE = Automatic;
				INFOPLIST_FILE = WorldTrotter/Info.plist;
				LD_RUNPATH_SEARCH_PATHS = "$(inherited) @executable_path/Frameworks";
				PRODUCT_BUNDLE_IDENTIFIER = com.abtingramian.WorldTrotter;
				PRODUCT_NAME = "$(TARGET_NAME)";
				SWIFT_VERSION = 4.0;
				TARGETED_DEVICE_FAMILY = "1,2";
			};
			name = Release;
		};
		7B700DE0204F547000B859E8 /* Debug */ = {
			isa = XCBuildConfiguration;
			buildSettings = {
				ALWAYS_EMBED_SWIFT_STANDARD_LIBRARIES = YES;
				BUNDLE_LOADER = "$(TEST_HOST)";
				CODE_SIGN_STYLE = Automatic;
				INFOPLIST_FILE = WorldTrotterTests/Info.plist;
				LD_RUNPATH_SEARCH_PATHS = "$(inherited) @executable_path/Frameworks @loader_path/Frameworks";
				PRODUCT_BUNDLE_IDENTIFIER = com.abtingramian.WorldTrotterTests;
				PRODUCT_NAME = "$(TARGET_NAME)";
				SWIFT_VERSION = 4.0;
				TARGETED_DEVICE_FAMILY = "1,2";
				TEST_HOST = "$(BUILT_PRODUCTS_DIR)/WorldTrotter.app/WorldTrotter";
			};
			name = Debug;
		};
		7B700DE1204F547000B859E8 /* Release */ = {
			isa = XCBuildConfiguration;
			buildSettings = {
				ALWAYS_EMBED_SWIFT_STANDARD_LIBRARIES = YES;
				BUNDLE_LOADER = "$(TEST_HOST)";
				CODE_SIGN_STYLE = Automatic;
				INFOPLIST_FILE = WorldTrotterTests/Info.plist;
				LD_RUNPATH_SEARCH_PATHS = "$(inherited) @executable_path/Frameworks @loader_path/Frameworks";
				PRODUCT_BUNDLE_IDENTIFIER = com.abtingramian.WorldTrotterTests;
				PRODUCT_NAME = "$(TARGET_NAME)";
				SWIFT_VERSION = 4.0;
				TARGETED_DEVICE_FAMILY = "1,2";
				TEST_HOST = "$(BUILT_PRODUCTS_DIR)/WorldTrotter.app/WorldTrotter";
			};
			name = Release;
		};
		7B700DE3204F547000B859E8 /* Debug */ = {
			isa = XCBuildConfiguration;
			buildSettings = {
				ALWAYS_EMBED_SWIFT_STANDARD_LIBRARIES = YES;
				CODE_SIGN_STYLE = Automatic;
				INFOPLIST_FILE = WorldTrotterUITests/Info.plist;
				LD_RUNPATH_SEARCH_PATHS = "$(inherited) @executable_path/Frameworks @loader_path/Frameworks";
				PRODUCT_BUNDLE_IDENTIFIER = com.abtingramian.WorldTrotterUITests;
				PRODUCT_NAME = "$(TARGET_NAME)";
				SWIFT_VERSION = 4.0;
				TARGETED_DEVICE_FAMILY = "1,2";
				TEST_TARGET_NAME = WorldTrotter;
			};
			name = Debug;
		};
		7B700DE4204F547000B859E8 /* Release */ = {
			isa = XCBuildConfiguration;
			buildSettings = {
				ALWAYS_EMBED_SWIFT_STANDARD_LIBRARIES = YES;
				CODE_SIGN_STYLE = Automatic;
				INFOPLIST_FILE = WorldTrotterUITests/Info.plist;
				LD_RUNPATH_SEARCH_PATHS = "$(inherited) @executable_path/Frameworks @loader_path/Frameworks";
				PRODUCT_BUNDLE_IDENTIFIER = com.abtingramian.WorldTrotterUITests;
				PRODUCT_NAME = "$(TARGET_NAME)";
				SWIFT_VERSION = 4.0;
				TARGETED_DEVICE_FAMILY = "1,2";
				TEST_TARGET_NAME = WorldTrotter;
			};
			name = Release;
		};
/* End XCBuildConfiguration section */

/* Begin XCConfigurationList section */
		7B700DAF204F546F00B859E8 /* Build configuration list for PBXProject "WorldTrotter" */ = {
			isa = XCConfigurationList;
			buildConfigurations = (
				7B700DDA204F547000B859E8 /* Debug */,
				7B700DDB204F547000B859E8 /* Release */,
			);
			defaultConfigurationIsVisible = 0;
			defaultConfigurationName = Release;
		};
		7B700DDC204F547000B859E8 /* Build configuration list for PBXNativeTarget "WorldTrotter" */ = {
			isa = XCConfigurationList;
			buildConfigurations = (
				7B700DDD204F547000B859E8 /* Debug */,
				7B700DDE204F547000B859E8 /* Release */,
			);
			defaultConfigurationIsVisible = 0;
			defaultConfigurationName = Release;
		};
		7B700DDF204F547000B859E8 /* Build configuration list for PBXNativeTarget "WorldTrotterTests" */ = {
			isa = XCConfigurationList;
			buildConfigurations = (
				7B700DE0204F547000B859E8 /* Debug */,
				7B700DE1204F547000B859E8 /* Release */,
			);
			defaultConfigurationIsVisible = 0;
			defaultConfigurationName = Release;
		};
		7B700DE2204F547000B859E8 /* Build configuration list for PBXNativeTarget "WorldTrotterUITests" */ = {
			isa = XCConfigurationList;
			buildConfigurations = (
				7B700DE3204F547000B859E8 /* Debug */,
				7B700DE4204F547000B859E8 /* Release */,
			);
			defaultConfigurationIsVisible = 0;
			defaultConfigurationName = Release;
		};
/* End XCConfigurationList section */
	};
	rootObject = 7B700DAC204F546F00B859E8 /* Project object */;
}
